{
  "name": "bindforge-cloudflare-bootstrap",
  "version": "1.0.0",
  "lockfileVersion": 3,
  "requires": true,
  "packages": {
    "": {
      "name": "bindforge-cloudflare-bootstrap",
      "version": "1.0.0",
      "dependencies": {
        "cloudflare-workspace-proxy": "file:bootstrap/cloudflare-proxy"
      },
      "engines": {
        "node": ">=22.13.0"
      }
    },
    "bootstrap/cloudflare-proxy": {
      "name": "cloudflare-workspace-proxy",
      "version": "1.0.0",
      "bin": {
        "opennextjs-cloudflare": "proxy.cjs"
      }
    },
    "node_modules/cloudflare-workspace-proxy": {
      "resolved": "bootstrap/cloudflare-proxy",
      "link": true
    }
  }
}
